
Microsoft Visual Studio Solution File, Format Version 12.00
# Visual Studio Version 17
VisualStudioVersion = 17.14.36408.4 d17.14
MinimumVisualStudioVersion = 10.0.40219.1
Project("{FAE04EC0-301F-11D3-BF4B-00C04F79EFBC}") = "ImageForge", "ImageForge.csproj", "{F4C683D4-FB0B-4CF5-9DDF-0111AD60888F}"
EndProject
Project("{FAE04EC0-301F-11D3-BF4B-00C04F79EFBC}") = "DataModel", "..\DataModel\DataModel.csproj", "{AE6ACBD4-7544-0FCC-2034-4D79469E1823}"
EndProject
Project("{FAE04EC0-301F-11D3-BF4B-00C04F79EFBC}") = "DataOperation", "..\DataOperation\DataOperation.csproj", "{AA9F3284-5F74-1A3D-E930-D0638B584F19}"
EndProject
Project("{FAE04EC0-301F-11D3-BF4B-00C04F79EFBC}") = "ImageWebAPI", "..\ImageWebAPI\ImageWebAPI.csproj", "{B0AEB922-2406-B32C-2B45-1F7607B2AE01}"
EndProject
Global
	GlobalSection(SolutionConfigurationPlatforms) = preSolution
		Debug|Any CPU = Debug|Any CPU
		Release|Any CPU = Release|Any CPU
	EndGlobalSection
	GlobalSection(ProjectConfigurationPlatforms) = postSolution
		{F4C683D4-FB0B-4CF5-9DDF-0111AD60888F}.Debug|Any CPU.ActiveCfg = Debug|Any CPU
		{F4C683D4-FB0B-4CF5-9DDF-0111AD60888F}.Debug|Any CPU.Build.0 = Debug|Any CPU
		{F4C683D4-FB0B-4CF5-9DDF-0111AD60888F}.Release|Any CPU.ActiveCfg = Release|Any CPU
		{F4C683D4-FB0B-4CF5-9DDF-0111AD60888F}.Release|Any CPU.Build.0 = Release|Any CPU
		{AE6ACBD4-7544-0FCC-2034-4D79469E1823}.Debug|Any CPU.ActiveCfg = Debug|Any CPU
		{AE6ACBD4-7544-0FCC-2034-4D79469E1823}.Debug|Any CPU.Build.0 = Debug|Any CPU
		{AE6ACBD4-7544-0FCC-2034-4D79469E1823}.Release|Any CPU.ActiveCfg = Release|Any CPU
		{AE6ACBD4-7544-0FCC-2034-4D79469E1823}.Release|Any CPU.Build.0 = Release|Any CPU
		{AA9F3284-5F74-1A3D-E930-D0638B584F19}.Debug|Any CPU.ActiveCfg = Debug|Any CPU
		{AA9F3284-5F74-1A3D-E930-D0638B584F19}.Debug|Any CPU.Build.0 = Debug|Any CPU
		{AA9F3284-5F74-1A3D-E930-D0638B584F19}.Release|Any CPU.ActiveCfg = Release|Any CPU
		{AA9F3284-5F74-1A3D-E930-D0638B584F19}.Release|Any CPU.Build.0 = Release|Any CPU
		{B0AEB922-2406-B32C-2B45-1F7607B2AE01}.Debug|Any CPU.ActiveCfg = Debug|Any CPU
		{B0AEB922-2406-B32C-2B45-1F7607B2AE01}.Debug|Any CPU.Build.0 = Debug|Any CPU
		{B0AEB922-2406-B32C-2B45-1F7607B2AE01}.Release|Any CPU.ActiveCfg = Release|Any CPU
		{B0AEB922-2406-B32C-2B45-1F7607B2AE01}.Release|Any CPU.Build.0 = Release|Any CPU
	EndGlobalSection
	GlobalSection(SolutionProperties) = preSolution
		HideSolutionNode = FALSE
	EndGlobalSection
	GlobalSection(ExtensibilityGlobals) = postSolution
		SolutionGuid = {0810F516-D286-4360-8023-D71286308A18}
	EndGlobalSection
EndGlobal
